
Microsoft Visual Studio Solution File, Format Version 12.00
# Visual Studio Version 16
VisualStudioVersion = 16.0.29613.14
MinimumVisualStudioVersion = 10.0.40219.1
Project("{FAE04EC0-301F-11D3-BF4B-00C04F79EFBC}") = "ADOETBLearning", "ADOETBLearning\ADOETBLearning.csproj", "{C9ABC810-D9FD-4772-92E0-33CEFF7CF26E}"
EndProject
Global
	GlobalSection(SolutionConfigurationPlatforms) = preSolution
		Debug|Any CPU = Debug|Any CPU
		Release|Any CPU = Release|Any CPU
	EndGlobalSection
	GlobalSection(ProjectConfigurationPlatforms) = postSolution
		{C9ABC810-D9FD-4772-92E0-33CEFF7CF26E}.Debug|Any CPU.ActiveCfg = Debug|Any CPU
		{C9ABC810-D9FD-4772-92E0-33CEFF7CF26E}.Debug|Any CPU.Build.0 = Debug|Any CPU
		{C9ABC810-D9FD-4772-92E0-33CEFF7CF26E}.Release|Any CPU.ActiveCfg = Release|Any CPU
		{C9ABC810-D9FD-4772-92E0-33CEFF7CF26E}.Release|Any CPU.Build.0 = Release|Any CPU
	EndGlobalSection
	GlobalSection(SolutionProperties) = preSolution
		HideSolutionNode = FALSE
	EndGlobalSection
	GlobalSection(ExtensibilityGlobals) = postSolution
		SolutionGuid = {157B1DD6-F617-457C-BE39-298A54E19A27}
	EndGlobalSection
EndGlobal
